
Microsoft Visual Studio Solution File, Format Version 12.00
# Visual Studio 15
VisualStudioVersion = 15.0.27130.2020
MinimumVisualStudioVersion = 10.0.40219.1
Project("{FAE04EC0-301F-11D3-BF4B-00C04F79EFBC}") = "DAciernoV2", "DAciernoV2\DAciernoV2.csproj", "{60EB1D35-58B0-4969-A978-D3FBB8F05003}"
EndProject
Global
	GlobalSection(SolutionConfigurationPlatforms) = preSolution
		Debug|Any CPU = Debug|Any CPU
		Release|Any CPU = Release|Any CPU
	EndGlobalSection
	GlobalSection(ProjectConfigurationPlatforms) = postSolution
		{60EB1D35-58B0-4969-A978-D3FBB8F05003}.Debug|Any CPU.ActiveCfg = Debug|Any CPU
		{60EB1D35-58B0-4969-A978-D3FBB8F05003}.Debug|Any CPU.Build.0 = Debug|Any CPU
		{60EB1D35-58B0-4969-A978-D3FBB8F05003}.Release|Any CPU.ActiveCfg = Release|Any CPU
		{60EB1D35-58B0-4969-A978-D3FBB8F05003}.Release|Any CPU.Build.0 = Release|Any CPU
	EndGlobalSection
	GlobalSection(SolutionProperties) = preSolution
		HideSolutionNode = FALSE
	EndGlobalSection
	GlobalSection(ExtensibilityGlobals) = postSolution
		SolutionGuid = {BED4A013-8902-4E6C-91AB-C9F2F51725A3}
	EndGlobalSection
EndGlobal
